// !$*UTF8*$!
{
	archiveVersion = 1;
	classes = {
	};
	objectVersion = 50;
	objects = {

/* Begin PBXBuildFile section */
		4773C3DE21173DE0006DA08C /* AppDelegate.m in Sources */ = {isa = PBXBuildFile; fileRef = 4773C3DD21173DE0006DA08C /* AppDelegate.m */; };
		4773C3E121173DE0006DA08C /* ViewController.m in Sources */ = {isa = PBXBuildFile; fileRef = 4773C3E021173DE0006DA08C /* ViewController.m */; };
		4773C3E421173DE1006DA08C /* Main.storyboard in Resources */ = {isa = PBXBuildFile; fileRef = 4773C3E221173DE1006DA08C /* Main.storyboard */; };
		4773C3E621173DE3006DA08C /* Assets.xcassets in Resources */ = {isa = PBXBuildFile; fileRef = 4773C3E521173DE3006DA08C /* Assets.xcassets */; };
		4773C3E921173DE3006DA08C /* LaunchScreen.storyboard in Resources */ = {isa = PBXBuildFile; fileRef = 4773C3E721173DE3006DA08C /* LaunchScreen.storyboard */; };
		4773C3EC21173DE3006DA08C /* main.m in Sources */ = {isa = PBXBuildFile; fileRef = 4773C3EB21173DE3006DA08C /* main.m */; };
		47DAF9932115CF1A0047E910 /* AppDelegate.m in Sources */ = {isa = PBXBuildFile; fileRef = 47DAF9922115CF1A0047E910 /* AppDelegate.m */; };
		47DAF9992115CF1A0047E910 /* Main.storyboard in Resources */ = {isa = PBXBuildFile; fileRef = 47DAF9972115CF1A0047E910 /* Main.storyboard */; };
		47DAF99B2115CF1A0047E910 /* Assets.xcassets in Resources */ = {isa = PBXBuildFile; fileRef = 47DAF99A2115CF1A0047E910 /* Assets.xcassets */; };
		47DAF99E2115CF1A0047E910 /* LaunchScreen.storyboard in Resources */ = {isa = PBXBuildFile; fileRef = 47DAF99C2115CF1A0047E910 /* LaunchScreen.storyboard */; };
		47DAF9A12115CF1A0047E910 /* main.m in Sources */ = {isa = PBXBuildFile; fileRef = 47DAF9A02115CF1A0047E910 /* main.m */; };
		47DAF9A82115D0550047E910 /* README.md in Resources */ = {isa = PBXBuildFile; fileRef = 47DAF9A72115D0550047E910 /* README.md */; };
		47DAF9B12115D3DC0047E910 /* AppDelegate.m in Sources */ = {isa = PBXBuildFile; fileRef = 47DAF9B02115D3DC0047E910 /* AppDelegate.m */; };
		47DAF9B42115D3DD0047E910 /* ViewController.m in Sources */ = {isa = PBXBuildFile; fileRef = 47DAF9B32115D3DD0047E910 /* ViewController.m */; };
		47DAF9B72115D3DD0047E910 /* Main.storyboard in Resources */ = {isa = PBXBuildFile; fileRef = 47DAF9B52115D3DD0047E910 /* Main.storyboard */; };
		47DAF9B92115D3DD0047E910 /* Assets.xcassets in Resources */ = {isa = PBXBuildFile; fileRef = 47DAF9B82115D3DD0047E910 /* Assets.xcassets */; };
		47DAF9BC2115D3DD0047E910 /* LaunchScreen.storyboard in Resources */ = {isa = PBXBuildFile; fileRef = 47DAF9BA2115D3DD0047E910 /* LaunchScreen.storyboard */; };
		47DAF9BF2115D3DD0047E910 /* main.m in Sources */ = {isa = PBXBuildFile; fileRef = 47DAF9BE2115D3DD0047E910 /* main.m */; };
		47DAFA1B2115DD6E0047E910 /* AppDelegate.m in Sources */ = {isa = PBXBuildFile; fileRef = 47DAFA1A2115DD6E0047E910 /* AppDelegate.m */; };
		47DAFA1E2115DD6E0047E910 /* ViewController.m in Sources */ = {isa = PBXBuildFile; fileRef = 47DAFA1D2115DD6E0047E910 /* ViewController.m */; };
		47DAFA212115DD6E0047E910 /* Main.storyboard in Resources */ = {isa = PBXBuildFile; fileRef = 47DAFA1F2115DD6E0047E910 /* Main.storyboard */; };
		47DAFA232115DD6F0047E910 /* Assets.xcassets in Resources */ = {isa = PBXBuildFile; fileRef = 47DAFA222115DD6F0047E910 /* Assets.xcassets */; };
		47DAFA262115DD6F0047E910 /* LaunchScreen.storyboard in Resources */ = {isa = PBXBuildFile; fileRef = 47DAFA242115DD6F0047E910 /* LaunchScreen.storyboard */; };
		47DAFA292115DD6F0047E910 /* main.m in Sources */ = {isa = PBXBuildFile; fileRef = 47DAFA282115DD6F0047E910 /* main.m */; };
		47DAFA832116AB120047E910 /* VC_window.m in Sources */ = {isa = PBXBuildFile; fileRef = 47DAFA822116AB120047E910 /* VC_window.m */; };
		47DAFA8C2116F2BA0047E910 /* AppDelegate.m in Sources */ = {isa = PBXBuildFile; fileRef = 47DAFA8B2116F2BA0047E910 /* AppDelegate.m */; };
		47DAFA8F2116F2BA0047E910 /* ViewController.m in Sources */ = {isa = PBXBuildFile; fileRef = 47DAFA8E2116F2BA0047E910 /* ViewController.m */; };
		47DAFA922116F2BA0047E910 /* Main.storyboard in Resources */ = {isa = PBXBuildFile; fileRef = 47DAFA902116F2BA0047E910 /* Main.storyboard */; };
		47DAFA942116F2BB0047E910 /* Assets.xcassets in Resources */ = {isa = PBXBuildFile; fileRef = 47DAFA932116F2BB0047E910 /* Assets.xcassets */; };
		47DAFA972116F2BB0047E910 /* LaunchScreen.storyboard in Resources */ = {isa = PBXBuildFile; fileRef = 47DAFA952116F2BB0047E910 /* LaunchScreen.storyboard */; };
		47DAFA9A2116F2BB0047E910 /* main.m in Sources */ = {isa = PBXBuildFile; fileRef = 47DAFA992116F2BB0047E910 /* main.m */; };
		47DAFAA02116F5CE0047E910 /* ViewYellow.m in Sources */ = {isa = PBXBuildFile; fileRef = 47DAFA9F2116F5CE0047E910 /* ViewYellow.m */; };
		47DAFAA2211701040047E910 /* buImg.png in Resources */ = {isa = PBXBuildFile; fileRef = 47DAFAA1211701030047E910 /* buImg.png */; };
		47DAFAAB211703970047E910 /* AppDelegate.m in Sources */ = {isa = PBXBuildFile; fileRef = 47DAFAAA211703970047E910 /* AppDelegate.m */; };
		47DAFAAE211703970047E910 /* ViewController.m in Sources */ = {isa = PBXBuildFile; fileRef = 47DAFAAD211703970047E910 /* ViewController.m */; };
		47DAFAB1211703970047E910 /* Main.storyboard in Resources */ = {isa = PBXBuildFile; fileRef = 47DAFAAF211703970047E910 /* Main.storyboard */; };
		47DAFAB3211703980047E910 /* Assets.xcassets in Resources */ = {isa = PBXBuildFile; fileRef = 47DAFAB2211703980047E910 /* Assets.xcassets */; };
		47DAFAB6211703980047E910 /* LaunchScreen.storyboard in Resources */ = {isa = PBXBuildFile; fileRef = 47DAFAB4211703980047E910 /* LaunchScreen.storyboard */; };
		47DAFAB9211703980047E910 /* main.m in Sources */ = {isa = PBXBuildFile; fileRef = 47DAFAB8211703980047E910 /* main.m */; };
/* End PBXBuildFile section */

/* Begin PBXFileReference section */
		4773C3DA21173DE0006DA08C /* _UISwitch 开关控件.app */ = {isa = PBXFileReference; explicitFileType = wrapper.application; includeInIndex = 0; path = "_UISwitch 开关控件.app"; sourceTree = BUILT_PRODUCTS_DIR; };
		4773C3DC21173DE0006DA08C /* AppDelegate.h */ = {isa = PBXFileReference; lastKnownFileType = sourcecode.c.h; path = AppDelegate.h; sourceTree = "<group>"; };
		4773C3DD21173DE0006DA08C /* AppDelegate.m */ = {isa = PBXFileReference; lastKnownFileType = sourcecode.c.objc; path = AppDelegate.m; sourceTree = "<group>"; };
		4773C3DF21173DE0006DA08C /* ViewController.h */ = {isa = PBXFileReference; lastKnownFileType = sourcecode.c.h; path = ViewController.h; sourceTree = "<group>"; };
		4773C3E021173DE0006DA08C /* ViewController.m */ = {isa = PBXFileReference; lastKnownFileType = sourcecode.c.objc; path = ViewController.m; sourceTree = "<group>"; };
		4773C3E321173DE1006DA08C /* Base */ = {isa = PBXFileReference; lastKnownFileType = file.storyboard; name = Base; path = Base.lproj/Main.storyboard; sourceTree = "<group>"; };
		4773C3E521173DE3006DA08C /* Assets.xcassets */ = {isa = PBXFileReference; lastKnownFileType = folder.assetcatalog; path = Assets.xcassets; sourceTree = "<group>"; };
		4773C3E821173DE3006DA08C /* Base */ = {isa = PBXFileReference; lastKnownFileType = file.storyboard; name = Base; path = Base.lproj/LaunchScreen.storyboard; sourceTree = "<group>"; };
		4773C3EA21173DE3006DA08C /* Info.plist */ = {isa = PBXFileReference; lastKnownFileType = text.plist.xml; path = Info.plist; sourceTree = "<group>"; };
		4773C3EB21173DE3006DA08C /* main.m */ = {isa = PBXFileReference; lastKnownFileType = sourcecode.c.objc; path = main.m; sourceTree = "<group>"; };
		47DAF98E2115CF190047E910 /* iOS_UI.app */ = {isa = PBXFileReference; explicitFileType = wrapper.application; includeInIndex = 0; path = iOS_UI.app; sourceTree = BUILT_PRODUCTS_DIR; };
		47DAF9912115CF1A0047E910 /* AppDelegate.h */ = {isa = PBXFileReference; lastKnownFileType = sourcecode.c.h; path = AppDelegate.h; sourceTree = "<group>"; };
		47DAF9922115CF1A0047E910 /* AppDelegate.m */ = {isa = PBXFileReference; lastKnownFileType = sourcecode.c.objc; path = AppDelegate.m; sourceTree = "<group>"; };
		47DAF9982115CF1A0047E910 /* Base */ = {isa = PBXFileReference; lastKnownFileType = file.storyboard; name = Base; path = Base.lproj/Main.storyboard; sourceTree = "<group>"; };
		47DAF99A2115CF1A0047E910 /* Assets.xcassets */ = {isa = PBXFileReference; lastKnownFileType = folder.assetcatalog; path = Assets.xcassets; sourceTree = "<group>"; };
		47DAF99D2115CF1A0047E910 /* Base */ = {isa = PBXFileReference; lastKnownFileType = file.storyboard; name = Base; path = Base.lproj/LaunchScreen.storyboard; sourceTree = "<group>"; };
		47DAF99F2115CF1A0047E910 /* Info.plist */ = {isa = PBXFileReference; lastKnownFileType = text.plist.xml; path = Info.plist; sourceTree = "<group>"; };
		47DAF9A02115CF1A0047E910 /* main.m */ = {isa = PBXFileReference; lastKnownFileType = sourcecode.c.objc; path = main.m; sourceTree = "<group>"; };
		47DAF9A72115D0550047E910 /* README.md */ = {isa = PBXFileReference; fileEncoding = 4; lastKnownFileType = net.daringfireball.markdown; path = README.md; sourceTree = "<group>"; };
		47DAF9AD2115D3DC0047E910 /* _UILable 标签.app */ = {isa = PBXFileReference; explicitFileType = wrapper.application; includeInIndex = 0; path = "_UILable 标签.app"; sourceTree = BUILT_PRODUCTS_DIR; };
		47DAF9AF2115D3DC0047E910 /* AppDelegate.h */ = {isa = PBXFileReference; lastKnownFileType = sourcecode.c.h; path = AppDelegate.h; sourceTree = "<group>"; };
		47DAF9B02115D3DC0047E910 /* AppDelegate.m */ = {isa = PBXFileReference; lastKnownFileType = sourcecode.c.objc; path = AppDelegate.m; sourceTree = "<group>"; };
		47DAF9B22115D3DD0047E910 /* ViewController.h */ = {isa = PBXFileReference; lastKnownFileType = sourcecode.c.h; path = ViewController.h; sourceTree = "<group>"; };
		47DAF9B32115D3DD0047E910 /* ViewController.m */ = {isa = PBXFileReference; lastKnownFileType = sourcecode.c.objc; path = ViewController.m; sourceTree = "<group>"; };
		47DAF9B62115D3DD0047E910 /* Base */ = {isa = PBXFileReference; lastKnownFileType = file.storyboard; name = Base; path = Base.lproj/Main.storyboard; sourceTree = "<group>"; };
		47DAF9B82115D3DD0047E910 /* Assets.xcassets */ = {isa = PBXFileReference; lastKnownFileType = folder.assetcatalog; path = Assets.xcassets; sourceTree = "<group>"; };
		47DAF9BB2115D3DD0047E910 /* Base */ = {isa = PBXFileReference; lastKnownFileType = file.storyboard; name = Base; path = Base.lproj/LaunchScreen.storyboard; sourceTree = "<group>"; };
		47DAF9BD2115D3DD0047E910 /* Info.plist */ = {isa = PBXFileReference; lastKnownFileType = text.plist.xml; path = Info.plist; sourceTree = "<group>"; };
		47DAF9BE2115D3DD0047E910 /* main.m */ = {isa = PBXFileReference; lastKnownFileType = sourcecode.c.objc; path = main.m; sourceTree = "<group>"; };
		47DAFA172115DD6E0047E910 /* _UIButton.app */ = {isa = PBXFileReference; explicitFileType = wrapper.application; includeInIndex = 0; path = _UIButton.app; sourceTree = BUILT_PRODUCTS_DIR; };
		47DAFA192115DD6E0047E910 /* AppDelegate.h */ = {isa = PBXFileReference; lastKnownFileType = sourcecode.c.h; path = AppDelegate.h; sourceTree = "<group>"; };
		47DAFA1A2115DD6E0047E910 /* AppDelegate.m */ = {isa = PBXFileReference; lastKnownFileType = sourcecode.c.objc; path = AppDelegate.m; sourceTree = "<group>"; };
		47DAFA1C2115DD6E0047E910 /* ViewController.h */ = {isa = PBXFileReference; lastKnownFileType = sourcecode.c.h; path = ViewController.h; sourceTree = "<group>"; };
		47DAFA1D2115DD6E0047E910 /* ViewController.m */ = {isa = PBXFileReference; lastKnownFileType = sourcecode.c.objc; path = ViewController.m; sourceTree = "<group>"; };
		47DAFA202115DD6E0047E910 /* Base */ = {isa = PBXFileReference; lastKnownFileType = file.storyboard; name = Base; path = Base.lproj/Main.storyboard; sourceTree = "<group>"; };
		47DAFA222115DD6F0047E910 /* Assets.xcassets */ = {isa = PBXFileReference; lastKnownFileType = folder.assetcatalog; path = Assets.xcassets; sourceTree = "<group>"; };
		47DAFA252115DD6F0047E910 /* Base */ = {isa = PBXFileReference; lastKnownFileType = file.storyboard; name = Base; path = Base.lproj/LaunchScreen.storyboard; sourceTree = "<group>"; };
		47DAFA272115DD6F0047E910 /* Info.plist */ = {isa = PBXFileReference; lastKnownFileType = text.plist.xml; path = Info.plist; sourceTree = "<group>"; };
		47DAFA282115DD6F0047E910 /* main.m */ = {isa = PBXFileReference; lastKnownFileType = sourcecode.c.objc; path = main.m; sourceTree = "<group>"; };
		47DAFA812116AB120047E910 /* VC_window.h */ = {isa = PBXFileReference; lastKnownFileType = sourcecode.c.h; path = VC_window.h; sourceTree = "<group>"; };
		47DAFA822116AB120047E910 /* VC_window.m */ = {isa = PBXFileReference; lastKnownFileType = sourcecode.c.objc; path = VC_window.m; sourceTree = "<group>"; };
		47DAFA882116F2BA0047E910 /* UIViewController.app */ = {isa = PBXFileReference; explicitFileType = wrapper.application; includeInIndex = 0; path = UIViewController.app; sourceTree = BUILT_PRODUCTS_DIR; };
		47DAFA8A2116F2BA0047E910 /* AppDelegate.h */ = {isa = PBXFileReference; lastKnownFileType = sourcecode.c.h; path = AppDelegate.h; sourceTree = "<group>"; };
		47DAFA8B2116F2BA0047E910 /* AppDelegate.m */ = {isa = PBXFileReference; lastKnownFileType = sourcecode.c.objc; path = AppDelegate.m; sourceTree = "<group>"; };
		47DAFA8D2116F2BA0047E910 /* ViewController.h */ = {isa = PBXFileReference; lastKnownFileType = sourcecode.c.h; path = ViewController.h; sourceTree = "<group>"; };
		47DAFA8E2116F2BA0047E910 /* ViewController.m */ = {isa = PBXFileReference; lastKnownFileType = sourcecode.c.objc; path = ViewController.m; sourceTree = "<group>"; };
		47DAFA912116F2BA0047E910 /* Base */ = {isa = PBXFileReference; lastKnownFileType = file.storyboard; name = Base; path = Base.lproj/Main.storyboard; sourceTree = "<group>"; };
		47DAFA932116F2BB0047E910 /* Assets.xcassets */ = {isa = PBXFileReference; lastKnownFileType = folder.assetcatalog; path = Assets.xcassets; sourceTree = "<group>"; };
		47DAFA962116F2BB0047E910 /* Base */ = {isa = PBXFileReference; lastKnownFileType = file.storyboard; name = Base; path = Base.lproj/LaunchScreen.storyboard; sourceTree = "<group>"; };
		47DAFA982116F2BB0047E910 /* Info.plist */ = {isa = PBXFileReference; lastKnownFileType = text.plist.xml; path = Info.plist; sourceTree = "<group>"; };
		47DAFA992116F2BB0047E910 /* main.m */ = {isa = PBXFileReference; lastKnownFileType = sourcecode.c.objc; path = main.m; sourceTree = "<group>"; };
		47DAFA9E2116F5CE0047E910 /* ViewYellow.h */ = {isa = PBXFileReference; lastKnownFileType = sourcecode.c.h; path = ViewYellow.h; sourceTree = "<group>"; };
		47DAFA9F2116F5CE0047E910 /* ViewYellow.m */ = {isa = PBXFileReference; lastKnownFileType = sourcecode.c.objc; path = ViewYellow.m; sourceTree = "<group>"; };
		47DAFAA1211701030047E910 /* buImg.png */ = {isa = PBXFileReference; lastKnownFileType = image.png; path = buImg.png; sourceTree = "<group>"; };
		47DAFAA7211703970047E910 /* NSTimer 定时器.app */ = {isa = PBXFileReference; explicitFileType = wrapper.application; includeInIndex = 0; path = "NSTimer 定时器.app"; sourceTree = BUILT_PRODUCTS_DIR; };
		47DAFAA9211703970047E910 /* AppDelegate.h */ = {isa = PBXFileReference; lastKnownFileType = sourcecode.c.h; path = AppDelegate.h; sourceTree = "<group>"; };
		47DAFAAA211703970047E910 /* AppDelegate.m */ = {isa = PBXFileReference; lastKnownFileType = sourcecode.c.objc; path = AppDelegate.m; sourceTree = "<group>"; };
		47DAFAAC211703970047E910 /* ViewController.h */ = {isa = PBXFileReference; lastKnownFileType = sourcecode.c.h; path = ViewController.h; sourceTree = "<group>"; };
		47DAFAAD211703970047E910 /* ViewController.m */ = {isa = PBXFileReference; lastKnownFileType = sourcecode.c.objc; path = ViewController.m; sourceTree = "<group>"; };
		47DAFAB0211703970047E910 /* Base */ = {isa = PBXFileReference; lastKnownFileType = file.storyboard; name = Base; path = Base.lproj/Main.storyboard; sourceTree = "<group>"; };
		47DAFAB2211703980047E910 /* Assets.xcassets */ = {isa = PBXFileReference; lastKnownFileType = folder.assetcatalog; path = Assets.xcassets; sourceTree = "<group>"; };
		47DAFAB5211703980047E910 /* Base */ = {isa = PBXFileReference; lastKnownFileType = file.storyboard; name = Base; path = Base.lproj/LaunchScreen.storyboard; sourceTree = "<group>"; };
		47DAFAB7211703980047E910 /* Info.plist */ = {isa = PBXFileReference; lastKnownFileType = text.plist.xml; path = Info.plist; sourceTree = "<group>"; };
		47DAFAB8211703980047E910 /* main.m */ = {isa = PBXFileReference; lastKnownFileType = sourcecode.c.objc; path = main.m; sourceTree = "<group>"; };
/* End PBXFileReference section */

/* Begin PBXFrameworksBuildPhase section */
		4773C3D721173DE0006DA08C /* Frameworks */ = {
			isa = PBXFrameworksBuildPhase;
			buildActionMask = 2147483647;
			files = (
			);
			runOnlyForDeploymentPostprocessing = 0;
		};
		47DAF98B2115CF190047E910 /* Frameworks */ = {
			isa = PBXFrameworksBuildPhase;
			buildActionMask = 2147483647;
			files = (
			);
			runOnlyForDeploymentPostprocessing = 0;
		};
		47DAF9AA2115D3DC0047E910 /* Frameworks */ = {
			isa = PBXFrameworksBuildPhase;
			buildActionMask = 2147483647;
			files = (
			);
			runOnlyForDeploymentPostprocessing = 0;
		};
		47DAFA142115DD6E0047E910 /* Frameworks */ = {
			isa = PBXFrameworksBuildPhase;
			buildActionMask = 2147483647;
			files = (
			);
			runOnlyForDeploymentPostprocessing = 0;
		};
		47DAFA852116F2BA0047E910 /* Frameworks */ = {
			isa = PBXFrameworksBuildPhase;
			buildActionMask = 2147483647;
			files = (
			);
			runOnlyForDeploymentPostprocessing = 0;
		};
		47DAFAA4211703970047E910 /* Frameworks */ = {
			isa = PBXFrameworksBuildPhase;
			buildActionMask = 2147483647;
			files = (
			);
			runOnlyForDeploymentPostprocessing = 0;
		};
/* End PBXFrameworksBuildPhase section */

/* Begin PBXGroup section */
		4773C3DB21173DE0006DA08C /* _UISwitch 开关控件 */ = {
			isa = PBXGroup;
			children = (
				4773C3DC21173DE0006DA08C /* AppDelegate.h */,
				4773C3DD21173DE0006DA08C /* AppDelegate.m */,
				4773C3DF21173DE0006DA08C /* ViewController.h */,
				4773C3E021173DE0006DA08C /* ViewController.m */,
				4773C3E221173DE1006DA08C /* Main.storyboard */,
				4773C3E521173DE3006DA08C /* Assets.xcassets */,
				4773C3E721173DE3006DA08C /* LaunchScreen.storyboard */,
				4773C3EA21173DE3006DA08C /* Info.plist */,
				4773C3EB21173DE3006DA08C /* main.m */,
			);
			path = "_UISwitch 开关控件";
			sourceTree = "<group>";
		};
		47DAF9852115CF190047E910 = {
			isa = PBXGroup;
			children = (
				47DAF9A72115D0550047E910 /* README.md */,
				47DAF9902115CF190047E910 /* iOS_UI */,
				47DAF9AE2115D3DC0047E910 /* _UILable */,
				47DAFA182115DD6E0047E910 /* _UIButton */,
				4773C3DB21173DE0006DA08C /* _UISwitch 开关控件 */,
				47DAFA892116F2BA0047E910 /* UIViewController */,
				47DAFAA8211703970047E910 /* NSTimer 定时器 */,
				47DAF98F2115CF190047E910 /* Products */,
			);
			sourceTree = "<group>";
		};
		47DAF98F2115CF190047E910 /* Products */ = {
			isa = PBXGroup;
			children = (
				47DAF98E2115CF190047E910 /* iOS_UI.app */,
				47DAF9AD2115D3DC0047E910 /* _UILable 标签.app */,
				47DAFA172115DD6E0047E910 /* _UIButton.app */,
				47DAFA882116F2BA0047E910 /* UIViewController.app */,
				47DAFAA7211703970047E910 /* NSTimer 定时器.app */,
				4773C3DA21173DE0006DA08C /* _UISwitch 开关控件.app */,
			);
			name = Products;
			sourceTree = "<group>";
		};
		47DAF9902115CF190047E910 /* iOS_UI */ = {
			isa = PBXGroup;
			children = (
				47DAF9912115CF1A0047E910 /* AppDelegate.h */,
				47DAF9922115CF1A0047E910 /* AppDelegate.m */,
				47DAF9972115CF1A0047E910 /* Main.storyboard */,
				47DAF99A2115CF1A0047E910 /* Assets.xcassets */,
				47DAF99C2115CF1A0047E910 /* LaunchScreen.storyboard */,
				47DAF99F2115CF1A0047E910 /* Info.plist */,
				47DAF9A02115CF1A0047E910 /* main.m */,
				47DAFA812116AB120047E910 /* VC_window.h */,
				47DAFA822116AB120047E910 /* VC_window.m */,
			);
			path = iOS_UI;
			sourceTree = "<group>";
		};
		47DAF9AE2115D3DC0047E910 /* _UILable */ = {
			isa = PBXGroup;
			children = (
				47DAF9AF2115D3DC0047E910 /* AppDelegate.h */,
				47DAF9B02115D3DC0047E910 /* AppDelegate.m */,
				47DAF9B22115D3DD0047E910 /* ViewController.h */,
				47DAF9B32115D3DD0047E910 /* ViewController.m */,
				47DAF9B52115D3DD0047E910 /* Main.storyboard */,
				47DAF9B82115D3DD0047E910 /* Assets.xcassets */,
				47DAF9BA2115D3DD0047E910 /* LaunchScreen.storyboard */,
				47DAF9BD2115D3DD0047E910 /* Info.plist */,
				47DAF9BE2115D3DD0047E910 /* main.m */,
			);
			path = _UILable;
			sourceTree = "<group>";
		};
		47DAFA182115DD6E0047E910 /* _UIButton */ = {
			isa = PBXGroup;
			children = (
				47DAFAA1211701030047E910 /* buImg.png */,
				47DAFA192115DD6E0047E910 /* AppDelegate.h */,
				47DAFA1A2115DD6E0047E910 /* AppDelegate.m */,
				47DAFA1C2115DD6E0047E910 /* ViewController.h */,
				47DAFA1D2115DD6E0047E910 /* ViewController.m */,
				47DAFA1F2115DD6E0047E910 /* Main.storyboard */,
				47DAFA222115DD6F0047E910 /* Assets.xcassets */,
				47DAFA242115DD6F0047E910 /* LaunchScreen.storyboard */,
				47DAFA272115DD6F0047E910 /* Info.plist */,
				47DAFA282115DD6F0047E910 /* main.m */,
			);
			path = _UIButton;
			sourceTree = "<group>";
		};
		47DAFA892116F2BA0047E910 /* UIViewController */ = {
			isa = PBXGroup;
			children = (
				47DAFA8A2116F2BA0047E910 /* AppDelegate.h */,
				47DAFA8B2116F2BA0047E910 /* AppDelegate.m */,
				47DAFA8D2116F2BA0047E910 /* ViewController.h */,
				47DAFA8E2116F2BA0047E910 /* ViewController.m */,
				47DAFA902116F2BA0047E910 /* Main.storyboard */,
				47DAFA932116F2BB0047E910 /* Assets.xcassets */,
				47DAFA952116F2BB0047E910 /* LaunchScreen.storyboard */,
				47DAFA982116F2BB0047E910 /* Info.plist */,
				47DAFA992116F2BB0047E910 /* main.m */,
				47DAFA9E2116F5CE0047E910 /* ViewYellow.h */,
				47DAFA9F2116F5CE0047E910 /* ViewYellow.m */,
			);
			path = UIViewController;
			sourceTree = "<group>";
		};
		47DAFAA8211703970047E910 /* NSTimer 定时器 */ = {
			isa = PBXGroup;
			children = (
				47DAFAA9211703970047E910 /* AppDelegate.h */,
				47DAFAAA211703970047E910 /* AppDelegate.m */,
				47DAFAAC211703970047E910 /* ViewController.h */,
				47DAFAAD211703970047E910 /* ViewController.m */,
				47DAFAAF211703970047E910 /* Main.storyboard */,
				47DAFAB2211703980047E910 /* Assets.xcassets */,
				47DAFAB4211703980047E910 /* LaunchScreen.storyboard */,
				47DAFAB7211703980047E910 /* Info.plist */,
				47DAFAB8211703980047E910 /* main.m */,
			);
			path = "NSTimer 定时器";
			sourceTree = "<group>";
		};
/* End PBXGroup section */

/* Begin PBXNativeTarget section */
		4773C3D921173DE0006DA08C /* _UISwitch 开关控件 */ = {
			isa = PBXNativeTarget;
			buildConfigurationList = 4773C3EF21173DE3006DA08C /* Build configuration list for PBXNativeTarget "_UISwitch 开关控件" */;
			buildPhases = (
				4773C3D621173DE0006DA08C /* Sources */,
				4773C3D721173DE0006DA08C /* Frameworks */,
				4773C3D821173DE0006DA08C /* Resources */,
			);
			buildRules = (
			);
			dependencies = (
			);
			name = "_UISwitch 开关控件";
			productName = "_UISwitch 开关控件";
			productReference = 4773C3DA21173DE0006DA08C /* _UISwitch 开关控件.app */;
			productType = "com.apple.product-type.application";
		};
		47DAF98D2115CF190047E910 /* iOS_UI */ = {
			isa = PBXNativeTarget;
			buildConfigurationList = 47DAF9A42115CF1A0047E910 /* Build configuration list for PBXNativeTarget "iOS_UI" */;
			buildPhases = (
				47DAF98A2115CF190047E910 /* Sources */,
				47DAF98B2115CF190047E910 /* Frameworks */,
				47DAF98C2115CF190047E910 /* Resources */,
			);
			buildRules = (
			);
			dependencies = (
			);
			name = iOS_UI;
			productName = iOS_UI;
			productReference = 47DAF98E2115CF190047E910 /* iOS_UI.app */;
			productType = "com.apple.product-type.application";
		};
		47DAF9AC2115D3DC0047E910 /* _UILable 标签 */ = {
			isa = PBXNativeTarget;
			buildConfigurationList = 47DAF9C02115D3DD0047E910 /* Build configuration list for PBXNativeTarget "_UILable 标签" */;
			buildPhases = (
				47DAF9A92115D3DC0047E910 /* Sources */,
				47DAF9AA2115D3DC0047E910 /* Frameworks */,
				47DAF9AB2115D3DC0047E910 /* Resources */,
			);
			buildRules = (
			);
			dependencies = (
			);
			name = "_UILable 标签";
			productName = "_UILable 标签";
			productReference = 47DAF9AD2115D3DC0047E910 /* _UILable 标签.app */;
			productType = "com.apple.product-type.application";
		};
		47DAFA162115DD6E0047E910 /* _UIButton */ = {
			isa = PBXNativeTarget;
			buildConfigurationList = 47DAFA2A2115DD6F0047E910 /* Build configuration list for PBXNativeTarget "_UIButton" */;
			buildPhases = (
				47DAFA132115DD6E0047E910 /* Sources */,
				47DAFA142115DD6E0047E910 /* Frameworks */,
				47DAFA152115DD6E0047E910 /* Resources */,
			);
			buildRules = (
			);
			dependencies = (
			);
			name = _UIButton;
			productName = _UIButton;
			productReference = 47DAFA172115DD6E0047E910 /* _UIButton.app */;
			productType = "com.apple.product-type.application";
		};
		47DAFA872116F2BA0047E910 /* UIViewController */ = {
			isa = PBXNativeTarget;
			buildConfigurationList = 47DAFA9B2116F2BB0047E910 /* Build configuration list for PBXNativeTarget "UIViewController" */;
			buildPhases = (
				47DAFA842116F2BA0047E910 /* Sources */,
				47DAFA852116F2BA0047E910 /* Frameworks */,
				47DAFA862116F2BA0047E910 /* Resources */,
			);
			buildRules = (
			);
			dependencies = (
			);
			name = UIViewController;
			productName = UIViewController;
			productReference = 47DAFA882116F2BA0047E910 /* UIViewController.app */;
			productType = "com.apple.product-type.application";
		};
		47DAFAA6211703970047E910 /* NSTimer 定时器 */ = {
			isa = PBXNativeTarget;
			buildConfigurationList = 47DAFABA211703980047E910 /* Build configuration list for PBXNativeTarget "NSTimer 定时器" */;
			buildPhases = (
				47DAFAA3211703970047E910 /* Sources */,
				47DAFAA4211703970047E910 /* Frameworks */,
				47DAFAA5211703970047E910 /* Resources */,
			);
			buildRules = (
			);
			dependencies = (
			);
			name = "NSTimer 定时器";
			productName = "NSTimer 定时器";
			productReference = 47DAFAA7211703970047E910 /* NSTimer 定时器.app */;
			productType = "com.apple.product-type.application";
		};
/* End PBXNativeTarget section */

/* Begin PBXProject section */
		47DAF9862115CF190047E910 /* Project object */ = {
			isa = PBXProject;
			attributes = {
				LastUpgradeCheck = 0930;
				ORGANIZATIONNAME = gvitech;
				TargetAttributes = {
					4773C3D921173DE0006DA08C = {
						CreatedOnToolsVersion = 9.3;
					};
					47DAF98D2115CF190047E910 = {
						CreatedOnToolsVersion = 9.3;
					};
					47DAF9AC2115D3DC0047E910 = {
						CreatedOnToolsVersion = 9.3;
					};
					47DAFA162115DD6E0047E910 = {
						CreatedOnToolsVersion = 9.3;
					};
					47DAFA872116F2BA0047E910 = {
						CreatedOnToolsVersion = 9.3;
					};
					47DAFAA6211703970047E910 = {
						CreatedOnToolsVersion = 9.3;
					};
				};
			};
			buildConfigurationList = 47DAF9892115CF190047E910 /* Build configuration list for PBXProject "iOS_UI" */;
			compatibilityVersion = "Xcode 9.3";
			developmentRegion = en;
			hasScannedForEncodings = 0;
			knownRegions = (
				en,
				Base,
			);
			mainGroup = 47DAF9852115CF190047E910;
			productRefGroup = 47DAF98F2115CF190047E910 /* Products */;
			projectDirPath = "";
			projectRoot = "";
			targets = (
				47DAF98D2115CF190047E910 /* iOS_UI */,
				47DAF9AC2115D3DC0047E910 /* _UILable 标签 */,
				47DAFA162115DD6E0047E910 /* _UIButton */,
				47DAFA872116F2BA0047E910 /* UIViewController */,
				47DAFAA6211703970047E910 /* NSTimer 定时器 */,
				4773C3D921173DE0006DA08C /* _UISwitch 开关控件 */,
			);
		};
/* End PBXProject section */

/* Begin PBXResourcesBuildPhase section */
		4773C3D821173DE0006DA08C /* Resources */ = {
			isa = PBXResourcesBuildPhase;
			buildActionMask = 2147483647;
			files = (
				4773C3E921173DE3006DA08C /* LaunchScreen.storyboard in Resources */,
				4773C3E621173DE3006DA08C /* Assets.xcassets in Resources */,
				4773C3E421173DE1006DA08C /* Main.storyboard in Resources */,
			);
			runOnlyForDeploymentPostprocessing = 0;
		};
		47DAF98C2115CF190047E910 /* Resources */ = {
			isa = PBXResourcesBuildPhase;
			buildActionMask = 2147483647;
			files = (
				47DAF99E2115CF1A0047E910 /* LaunchScreen.storyboard in Resources */,
				47DAF99B2115CF1A0047E910 /* Assets.xcassets in Resources */,
				47DAF9A82115D0550047E910 /* README.md in Resources */,
				47DAF9992115CF1A0047E910 /* Main.storyboard in Resources */,
			);
			runOnlyForDeploymentPostprocessing = 0;
		};
		47DAF9AB2115D3DC0047E910 /* Resources */ = {
			isa = PBXResourcesBuildPhase;
			buildActionMask = 2147483647;
			files = (
				47DAF9BC2115D3DD0047E910 /* LaunchScreen.storyboard in Resources */,
				47DAF9B92115D3DD0047E910 /* Assets.xcassets in Resources */,
				47DAF9B72115D3DD0047E910 /* Main.storyboard in Resources */,
			);
			runOnlyForDeploymentPostprocessing = 0;
		};
		47DAFA152115DD6E0047E910 /* Resources */ = {
			isa = PBXResourcesBuildPhase;
			buildActionMask = 2147483647;
			files = (
				47DAFAA2211701040047E910 /* buImg.png in Resources */,
				47DAFA262115DD6F0047E910 /* LaunchScreen.storyboard in Resources */,
				47DAFA232115DD6F0047E910 /* Assets.xcassets in Resources */,
				47DAFA212115DD6E0047E910 /* Main.storyboard in Resources */,
			);
			runOnlyForDeploymentPostprocessing = 0;
		};
		47DAFA862116F2BA0047E910 /* Resources */ = {
			isa = PBXResourcesBuildPhase;
			buildActionMask = 2147483647;
			files = (
				47DAFA972116F2BB0047E910 /* LaunchScreen.storyboard in Resources */,
				47DAFA942116F2BB0047E910 /* Assets.xcassets in Resources */,
				47DAFA922116F2BA0047E910 /* Main.storyboard in Resources */,
			);
			runOnlyForDeploymentPostprocessing = 0;
		};
		47DAFAA5211703970047E910 /* Resources */ = {
			isa = PBXResourcesBuildPhase;
			buildActionMask = 2147483647;
			files = (
				47DAFAB6211703980047E910 /* LaunchScreen.storyboard in Resources */,
				47DAFAB3211703980047E910 /* Assets.xcassets in Resources */,
				47DAFAB1211703970047E910 /* Main.storyboard in Resources */,
			);
			runOnlyForDeploymentPostprocessing = 0;
		};
/* End PBXResourcesBuildPhase section */

/* Begin PBXSourcesBuildPhase section */
		4773C3D621173DE0006DA08C /* Sources */ = {
			isa = PBXSourcesBuildPhase;
			buildActionMask = 2147483647;
			files = (
				4773C3E121173DE0006DA08C /* ViewController.m in Sources */,
				4773C3EC21173DE3006DA08C /* main.m in Sources */,
				4773C3DE21173DE0006DA08C /* AppDelegate.m in Sources */,
			);
			runOnlyForDeploymentPostprocessing = 0;
		};
		47DAF98A2115CF190047E910 /* Sources */ = {
			isa = PBXSourcesBuildPhase;
			buildActionMask = 2147483647;
			files = (
				47DAF9A12115CF1A0047E910 /* main.m in Sources */,
				47DAF9932115CF1A0047E910 /* AppDelegate.m in Sources */,
				47DAFA832116AB120047E910 /* VC_window.m in Sources */,
			);
			runOnlyForDeploymentPostprocessing = 0;
		};
		47DAF9A92115D3DC0047E910 /* Sources */ = {
			isa = PBXSourcesBuildPhase;
			buildActionMask = 2147483647;
			files = (
				47DAF9B42115D3DD0047E910 /* ViewController.m in Sources */,
				47DAF9BF2115D3DD0047E910 /* main.m in Sources */,
				47DAF9B12115D3DC0047E910 /* AppDelegate.m in Sources */,
			);
			runOnlyForDeploymentPostprocessing = 0;
		};
		47DAFA132115DD6E0047E910 /* Sources */ = {
			isa = PBXSourcesBuildPhase;
			buildActionMask = 2147483647;
			files = (
				47DAFA1E2115DD6E0047E910 /* ViewController.m in Sources */,
				47DAFA292115DD6F0047E910 /* main.m in Sources */,
				47DAFA1B2115DD6E0047E910 /* AppDelegate.m in Sources */,
			);
			runOnlyForDeploymentPostprocessing = 0;
		};
		47DAFA842116F2BA0047E910 /* Sources */ = {
			isa = PBXSourcesBuildPhase;
			buildActionMask = 2147483647;
			files = (
				47DAFA8F2116F2BA0047E910 /* ViewController.m in Sources */,
				47DAFA9A2116F2BB0047E910 /* main.m in Sources */,
				47DAFAA02116F5CE0047E910 /* ViewYellow.m in Sources */,
				47DAFA8C2116F2BA0047E910 /* AppDelegate.m in Sources */,
			);
			runOnlyForDeploymentPostprocessing = 0;
		};
		47DAFAA3211703970047E910 /* Sources */ = {
			isa = PBXSourcesBuildPhase;
			buildActionMask = 2147483647;
			files = (
				47DAFAAE211703970047E910 /* ViewController.m in Sources */,
				47DAFAB9211703980047E910 /* main.m in Sources */,
				47DAFAAB211703970047E910 /* AppDelegate.m in Sources */,
			);
			runOnlyForDeploymentPostprocessing = 0;
		};
/* End PBXSourcesBuildPhase section */

/* Begin PBXVariantGroup section */
		4773C3E221173DE1006DA08C /* Main.storyboard */ = {
			isa = PBXVariantGroup;
			children = (
				4773C3E321173DE1006DA08C /* Base */,
			);
			name = Main.storyboard;
			sourceTree = "<group>";
		};
		4773C3E721173DE3006DA08C /* LaunchScreen.storyboard */ = {
			isa = PBXVariantGroup;
			children = (
				4773C3E821173DE3006DA08C /* Base */,
			);
			name = LaunchScreen.storyboard;
			sourceTree = "<group>";
		};
		47DAF9972115CF1A0047E910 /* Main.storyboard */ = {
			isa = PBXVariantGroup;
			children = (
				47DAF9982115CF1A0047E910 /* Base */,
			);
			name = Main.storyboard;
			sourceTree = "<group>";
		};
		47DAF99C2115CF1A0047E910 /* LaunchScreen.storyboard */ = {
			isa = PBXVariantGroup;
			children = (
				47DAF99D2115CF1A0047E910 /* Base */,
			);
			name = LaunchScreen.storyboard;
			sourceTree = "<group>";
		};
		47DAF9B52115D3DD0047E910 /* Main.storyboard */ = {
			isa = PBXVariantGroup;
			children = (
				47DAF9B62115D3DD0047E910 /* Base */,
			);
			name = Main.storyboard;
			sourceTree = "<group>";
		};
		47DAF9BA2115D3DD0047E910 /* LaunchScreen.storyboard */ = {
			isa = PBXVariantGroup;
			children = (
				47DAF9BB2115D3DD0047E910 /* Base */,
			);
			name = LaunchScreen.storyboard;
			sourceTree = "<group>";
		};
		47DAFA1F2115DD6E0047E910 /* Main.storyboard */ = {
			isa = PBXVariantGroup;
			children = (
				47DAFA202115DD6E0047E910 /* Base */,
			);
			name = Main.storyboard;
			sourceTree = "<group>";
		};
		47DAFA242115DD6F0047E910 /* LaunchScreen.storyboard */ = {
			isa = PBXVariantGroup;
			children = (
				47DAFA252115DD6F0047E910 /* Base */,
			);
			name = LaunchScreen.storyboard;
			sourceTree = "<group>";
		};
		47DAFA902116F2BA0047E910 /* Main.storyboard */ = {
			isa = PBXVariantGroup;
			children = (
				47DAFA912116F2BA0047E910 /* Base */,
			);
			name = Main.storyboard;
			sourceTree = "<group>";
		};
		47DAFA952116F2BB0047E910 /* LaunchScreen.storyboard */ = {
			isa = PBXVariantGroup;
			children = (
				47DAFA962116F2BB0047E910 /* Base */,
			);
			name = LaunchScreen.storyboard;
			sourceTree = "<group>";
		};
		47DAFAAF211703970047E910 /* Main.storyboard */ = {
			isa = PBXVariantGroup;
			children = (
				47DAFAB0211703970047E910 /* Base */,
			);
			name = Main.storyboard;
			sourceTree = "<group>";
		};
		47DAFAB4211703980047E910 /* LaunchScreen.storyboard */ = {
			isa = PBXVariantGroup;
			children = (
				47DAFAB5211703980047E910 /* Base */,
			);
			name = LaunchScreen.storyboard;
			sourceTree = "<group>";
		};
/* End PBXVariantGroup section */

/* Begin XCBuildConfiguration section */
		4773C3ED21173DE3006DA08C /* Debug */ = {
			isa = XCBuildConfiguration;
			buildSettings = {
				ASSETCATALOG_COMPILER_APPICON_NAME = AppIcon;
				CODE_SIGN_STYLE = Automatic;
				DEVELOPMENT_TEAM = L93RNVTT25;
				INFOPLIST_FILE = "_UISwitch 开关控件/Info.plist";
				LD_RUNPATH_SEARCH_PATHS = (
					"$(inherited)",
					"@executable_path/Frameworks",
				);
				PRODUCT_BUNDLE_IDENTIFIER = "BT.-UISwitch-----";
				PRODUCT_NAME = "$(TARGET_NAME)";
				TARGETED_DEVICE_FAMILY = "1,2";
			};
			name = Debug;
		};
		4773C3EE21173DE3006DA08C /* Release */ = {
			isa = XCBuildConfiguration;
			buildSettings = {
				ASSETCATALOG_COMPILER_APPICON_NAME = AppIcon;
				CODE_SIGN_STYLE = Automatic;
				DEVELOPMENT_TEAM = L93RNVTT25;
				INFOPLIST_FILE = "_UISwitch 开关控件/Info.plist";
				LD_RUNPATH_SEARCH_PATHS = (
					"$(inherited)",
					"@executable_path/Frameworks",
				);
				PRODUCT_BUNDLE_IDENTIFIER = "BT.-UISwitch-----";
				PRODUCT_NAME = "$(TARGET_NAME)";
				TARGETED_DEVICE_FAMILY = "1,2";
			};
			name = Release;
		};
		47DAF9A22115CF1A0047E910 /* Debug */ = {
			isa = XCBuildConfiguration;
			buildSettings = {
				ALWAYS_SEARCH_USER_PATHS = NO;
				CLANG_ANALYZER_NONNULL = YES;
				CLANG_ANALYZER_NUMBER_OBJECT_CONVERSION = YES_AGGRESSIVE;
				CLANG_CXX_LANGUAGE_STANDARD = "gnu++14";
				CLANG_CXX_LIBRARY = "libc++";
				CLANG_ENABLE_MODULES = YES;
				CLANG_ENABLE_OBJC_ARC = YES;
				CLANG_ENABLE_OBJC_WEAK = YES;
				CLANG_WARN_BLOCK_CAPTURE_AUTORELEASING = YES;
				CLANG_WARN_BOOL_CONVERSION = YES;
				CLANG_WARN_COMMA = YES;
				CLANG_WARN_CONSTANT_CONVERSION = YES;
				CLANG_WARN_DEPRECATED_OBJC_IMPLEMENTATIONS = YES;
				CLANG_WARN_DIRECT_OBJC_ISA_USAGE = YES_ERROR;
				CLANG_WARN_DOCUMENTATION_COMMENTS = YES;
				CLANG_WARN_EMPTY_BODY = YES;
				CLANG_WARN_ENUM_CONVERSION = YES;
				CLANG_WARN_INFINITE_RECURSION = YES;
				CLANG_WARN_INT_CONVERSION = YES;
				CLANG_WARN_NON_LITERAL_NULL_CONVERSION = YES;
				CLANG_WARN_OBJC_IMPLICIT_RETAIN_SELF = YES;
				CLANG_WARN_OBJC_LITERAL_CONVERSION = YES;
				CLANG_WARN_OBJC_ROOT_CLASS = YES_ERROR;
				CLANG_WARN_RANGE_LOOP_ANALYSIS = YES;
				CLANG_WARN_STRICT_PROTOTYPES = YES;
				CLANG_WARN_SUSPICIOUS_MOVE = YES;
				CLANG_WARN_UNGUARDED_AVAILABILITY = YES_AGGRESSIVE;
				CLANG_WARN_UNREACHABLE_CODE = YES;
				CLANG_WARN__DUPLICATE_METHOD_MATCH = YES;
				CODE_SIGN_IDENTITY = "iPhone Developer";
				COPY_PHASE_STRIP = NO;
				DEBUG_INFORMATION_FORMAT = dwarf;
				ENABLE_STRICT_OBJC_MSGSEND = YES;
				ENABLE_TESTABILITY = YES;
				GCC_C_LANGUAGE_STANDARD = gnu11;
				GCC_DYNAMIC_NO_PIC = NO;
				GCC_NO_COMMON_BLOCKS = YES;
				GCC_OPTIMIZATION_LEVEL = 0;
				GCC_PREPROCESSOR_DEFINITIONS = (
					"DEBUG=1",
					"$(inherited)",
				);
				GCC_WARN_64_TO_32_BIT_CONVERSION = YES;
				GCC_WARN_ABOUT_RETURN_TYPE = YES_ERROR;
				GCC_WARN_UNDECLARED_SELECTOR = YES;
				GCC_WARN_UNINITIALIZED_AUTOS = YES_AGGRESSIVE;
				GCC_WARN_UNUSED_FUNCTION = YES;
				GCC_WARN_UNUSED_VARIABLE = YES;
				IPHONEOS_DEPLOYMENT_TARGET = 11.3;
				MTL_ENABLE_DEBUG_INFO = YES;
				ONLY_ACTIVE_ARCH = YES;
				SDKROOT = iphoneos;
			};
			name = Debug;
		};
		47DAF9A32115CF1A0047E910 /* Release */ = {
			isa = XCBuildConfiguration;
			buildSettings = {
				ALWAYS_SEARCH_USER_PATHS = NO;
				CLANG_ANALYZER_NONNULL = YES;
				CLANG_ANALYZER_NUMBER_OBJECT_CONVERSION = YES_AGGRESSIVE;
				CLANG_CXX_LANGUAGE_STANDARD = "gnu++14";
				CLANG_CXX_LIBRARY = "libc++";
				CLANG_ENABLE_MODULES = YES;
				CLANG_ENABLE_OBJC_ARC = YES;
				CLANG_ENABLE_OBJC_WEAK = YES;
				CLANG_WARN_BLOCK_CAPTURE_AUTORELEASING = YES;
				CLANG_WARN_BOOL_CONVERSION = YES;
				CLANG_WARN_COMMA = YES;
				CLANG_WARN_CONSTANT_CONVERSION = YES;
				CLANG_WARN_DEPRECATED_OBJC_IMPLEMENTATIONS = YES;
				CLANG_WARN_DIRECT_OBJC_ISA_USAGE = YES_ERROR;
				CLANG_WARN_DOCUMENTATION_COMMENTS = YES;
				CLANG_WARN_EMPTY_BODY = YES;
				CLANG_WARN_ENUM_CONVERSION = YES;
				CLANG_WARN_INFINITE_RECURSION = YES;
				CLANG_WARN_INT_CONVERSION = YES;
				CLANG_WARN_NON_LITERAL_NULL_CONVERSION = YES;
				CLANG_WARN_OBJC_IMPLICIT_RETAIN_SELF = YES;
				CLANG_WARN_OBJC_LITERAL_CONVERSION = YES;
				CLANG_WARN_OBJC_ROOT_CLASS = YES_ERROR;
				CLANG_WARN_RANGE_LOOP_ANALYSIS = YES;
				CLANG_WARN_STRICT_PROTOTYPES = YES;
				CLANG_WARN_SUSPICIOUS_MOVE = YES;
				CLANG_WARN_UNGUARDED_AVAILABILITY = YES_AGGRESSIVE;
				CLANG_WARN_UNREACHABLE_CODE = YES;
				CLANG_WARN__DUPLICATE_METHOD_MATCH = YES;
				CODE_SIGN_IDENTITY = "iPhone Developer";
				COPY_PHASE_STRIP = NO;
				DEBUG_INFORMATION_FORMAT = "dwarf-with-dsym";
				ENABLE_NS_ASSERTIONS = NO;
				ENABLE_STRICT_OBJC_MSGSEND = YES;
				GCC_C_LANGUAGE_STANDARD = gnu11;
				GCC_NO_COMMON_BLOCKS = YES;
				GCC_WARN_64_TO_32_BIT_CONVERSION = YES;
				GCC_WARN_ABOUT_RETURN_TYPE = YES_ERROR;
				GCC_WARN_UNDECLARED_SELECTOR = YES;
				GCC_WARN_UNINITIALIZED_AUTOS = YES_AGGRESSIVE;
				GCC_WARN_UNUSED_FUNCTION = YES;
				GCC_WARN_UNUSED_VARIABLE = YES;
				IPHONEOS_DEPLOYMENT_TARGET = 11.3;
				MTL_ENABLE_DEBUG_INFO = NO;
				SDKROOT = iphoneos;
				VALIDATE_PRODUCT = YES;
			};
			name = Release;
		};
		47DAF9A52115CF1A0047E910 /* Debug */ = {
			isa = XCBuildConfiguration;
			buildSettings = {
				ASSETCATALOG_COMPILER_APPICON_NAME = AppIcon;
				CODE_SIGN_STYLE = Automatic;
				DEVELOPMENT_TEAM = L93RNVTT25;
				INFOPLIST_FILE = iOS_UI/Info.plist;
				LD_RUNPATH_SEARCH_PATHS = (
					"$(inherited)",
					"@executable_path/Frameworks",
				);
				PRODUCT_BUNDLE_IDENTIFIER = "BT.iOS-UI";
				PRODUCT_NAME = "$(TARGET_NAME)";
				TARGETED_DEVICE_FAMILY = "1,2";
			};
			name = Debug;
		};
		47DAF9A62115CF1A0047E910 /* Release */ = {
			isa = XCBuildConfiguration;
			buildSettings = {
				ASSETCATALOG_COMPILER_APPICON_NAME = AppIcon;
				CODE_SIGN_STYLE = Automatic;
				DEVELOPMENT_TEAM = L93RNVTT25;
				INFOPLIST_FILE = iOS_UI/Info.plist;
				LD_RUNPATH_SEARCH_PATHS = (
					"$(inherited)",
					"@executable_path/Frameworks",
				);
				PRODUCT_BUNDLE_IDENTIFIER = "BT.iOS-UI";
				PRODUCT_NAME = "$(TARGET_NAME)";
				TARGETED_DEVICE_FAMILY = "1,2";
			};
			name = Release;
		};
		47DAF9C12115D3DD0047E910 /* Debug */ = {
			isa = XCBuildConfiguration;
			buildSettings = {
				ASSETCATALOG_COMPILER_APPICON_NAME = AppIcon;
				CODE_SIGN_STYLE = Automatic;
				DEVELOPMENT_TEAM = L93RNVTT25;
				INFOPLIST_FILE = "_UILable 标签/Info.plist";
				LD_RUNPATH_SEARCH_PATHS = (
					"$(inherited)",
					"@executable_path/Frameworks",
				);
				PRODUCT_BUNDLE_IDENTIFIER = "BT.-UILable---";
				PRODUCT_NAME = "$(TARGET_NAME)";
				TARGETED_DEVICE_FAMILY = "1,2";
			};
			name = Debug;
		};
		47DAF9C22115D3DD0047E910 /* Release */ = {
			isa = XCBuildConfiguration;
			buildSettings = {
				ASSETCATALOG_COMPILER_APPICON_NAME = AppIcon;
				CODE_SIGN_STYLE = Automatic;
				DEVELOPMENT_TEAM = L93RNVTT25;
				INFOPLIST_FILE = "_UILable 标签/Info.plist";
				LD_RUNPATH_SEARCH_PATHS = (
					"$(inherited)",
					"@executable_path/Frameworks",
				);
				PRODUCT_BUNDLE_IDENTIFIER = "BT.-UILable---";
				PRODUCT_NAME = "$(TARGET_NAME)";
				TARGETED_DEVICE_FAMILY = "1,2";
			};
			name = Release;
		};
		47DAFA2B2115DD6F0047E910 /* Debug */ = {
			isa = XCBuildConfiguration;
			buildSettings = {
				ASSETCATALOG_COMPILER_APPICON_NAME = AppIcon;
				CODE_SIGN_STYLE = Automatic;
				DEVELOPMENT_TEAM = L93RNVTT25;
				INFOPLIST_FILE = _UIButton/Info.plist;
				LD_RUNPATH_SEARCH_PATHS = (
					"$(inherited)",
					"@executable_path/Frameworks",
				);
				PRODUCT_BUNDLE_IDENTIFIER = "BT.-UIButton";
				PRODUCT_NAME = "$(TARGET_NAME)";
				TARGETED_DEVICE_FAMILY = "1,2";
			};
			name = Debug;
		};
		47DAFA2C2115DD6F0047E910 /* Release */ = {
			isa = XCBuildConfiguration;
			buildSettings = {
				ASSETCATALOG_COMPILER_APPICON_NAME = AppIcon;
				CODE_SIGN_STYLE = Automatic;
				DEVELOPMENT_TEAM = L93RNVTT25;
				INFOPLIST_FILE = _UIButton/Info.plist;
				LD_RUNPATH_SEARCH_PATHS = (
					"$(inherited)",
					"@executable_path/Frameworks",
				);
				PRODUCT_BUNDLE_IDENTIFIER = "BT.-UIButton";
				PRODUCT_NAME = "$(TARGET_NAME)";
				TARGETED_DEVICE_FAMILY = "1,2";
			};
			name = Release;
		};
		47DAFA9C2116F2BB0047E910 /* Debug */ = {
			isa = XCBuildConfiguration;
			buildSettings = {
				ASSETCATALOG_COMPILER_APPICON_NAME = AppIcon;
				CODE_SIGN_STYLE = Automatic;
				DEVELOPMENT_TEAM = L93RNVTT25;
				INFOPLIST_FILE = UIViewController/Info.plist;
				LD_RUNPATH_SEARCH_PATHS = (
					"$(inherited)",
					"@executable_path/Frameworks",
				);
				PRODUCT_BUNDLE_IDENTIFIER = BT.UIViewController;
				PRODUCT_NAME = "$(TARGET_NAME)";
				TARGETED_DEVICE_FAMILY = "1,2";
			};
			name = Debug;
		};
		47DAFA9D2116F2BB0047E910 /* Release */ = {
			isa = XCBuildConfiguration;
			buildSettings = {
				ASSETCATALOG_COMPILER_APPICON_NAME = AppIcon;
				CODE_SIGN_STYLE = Automatic;
				DEVELOPMENT_TEAM = L93RNVTT25;
				INFOPLIST_FILE = UIViewController/Info.plist;
				LD_RUNPATH_SEARCH_PATHS = (
					"$(inherited)",
					"@executable_path/Frameworks",
				);
				PRODUCT_BUNDLE_IDENTIFIER = BT.UIViewController;
				PRODUCT_NAME = "$(TARGET_NAME)";
				TARGETED_DEVICE_FAMILY = "1,2";
			};
			name = Release;
		};
		47DAFABB211703980047E910 /* Debug */ = {
			isa = XCBuildConfiguration;
			buildSettings = {
				ASSETCATALOG_COMPILER_APPICON_NAME = AppIcon;
				CODE_SIGN_STYLE = Automatic;
				DEVELOPMENT_TEAM = L93RNVTT25;
				INFOPLIST_FILE = "NSTimer 定时器/Info.plist";
				LD_RUNPATH_SEARCH_PATHS = (
					"$(inherited)",
					"@executable_path/Frameworks",
				);
				PRODUCT_BUNDLE_IDENTIFIER = "BT.NSTimer----";
				PRODUCT_NAME = "$(TARGET_NAME)";
				TARGETED_DEVICE_FAMILY = "1,2";
			};
			name = Debug;
		};
		47DAFABC211703980047E910 /* Release */ = {
			isa = XCBuildConfiguration;
			buildSettings = {
				ASSETCATALOG_COMPILER_APPICON_NAME = AppIcon;
				CODE_SIGN_STYLE = Automatic;
				DEVELOPMENT_TEAM = L93RNVTT25;
				INFOPLIST_FILE = "NSTimer 定时器/Info.plist";
				LD_RUNPATH_SEARCH_PATHS = (
					"$(inherited)",
					"@executable_path/Frameworks",
				);
				PRODUCT_BUNDLE_IDENTIFIER = "BT.NSTimer----";
				PRODUCT_NAME = "$(TARGET_NAME)";
				TARGETED_DEVICE_FAMILY = "1,2";
			};
			name = Release;
		};
/* End XCBuildConfiguration section */

/* Begin XCConfigurationList section */
		4773C3EF21173DE3006DA08C /* Build configuration list for PBXNativeTarget "_UISwitch 开关控件" */ = {
			isa = XCConfigurationList;
			buildConfigurations = (
				4773C3ED21173DE3006DA08C /* Debug */,
				4773C3EE21173DE3006DA08C /* Release */,
			);
			defaultConfigurationIsVisible = 0;
			defaultConfigurationName = Release;
		};
		47DAF9892115CF190047E910 /* Build configuration list for PBXProject "iOS_UI" */ = {
			isa = XCConfigurationList;
			buildConfigurations = (
				47DAF9A22115CF1A0047E910 /* Debug */,
				47DAF9A32115CF1A0047E910 /* Release */,
			);
			defaultConfigurationIsVisible = 0;
			defaultConfigurationName = Release;
		};
		47DAF9A42115CF1A0047E910 /* Build configuration list for PBXNativeTarget "iOS_UI" */ = {
			isa = XCConfigurationList;
			buildConfigurations = (
				47DAF9A52115CF1A0047E910 /* Debug */,
				47DAF9A62115CF1A0047E910 /* Release */,
			);
			defaultConfigurationIsVisible = 0;
			defaultConfigurationName = Release;
		};
		47DAF9C02115D3DD0047E910 /* Build configuration list for PBXNativeTarget "_UILable 标签" */ = {
			isa = XCConfigurationList;
			buildConfigurations = (
				47DAF9C12115D3DD0047E910 /* Debug */,
				47DAF9C22115D3DD0047E910 /* Release */,
			);
			defaultConfigurationIsVisible = 0;
			defaultConfigurationName = Release;
		};
		47DAFA2A2115DD6F0047E910 /* Build configuration list for PBXNativeTarget "_UIButton" */ = {
			isa = XCConfigurationList;
			buildConfigurations = (
				47DAFA2B2115DD6F0047E910 /* Debug */,
				47DAFA2C2115DD6F0047E910 /* Release */,
			);
			defaultConfigurationIsVisible = 0;
			defaultConfigurationName = Release;
		};
		47DAFA9B2116F2BB0047E910 /* Build configuration list for PBXNativeTarget "UIViewController" */ = {
			isa = XCConfigurationList;
			buildConfigurations = (
				47DAFA9C2116F2BB0047E910 /* Debug */,
				47DAFA9D2116F2BB0047E910 /* Release */,
			);
			defaultConfigurationIsVisible = 0;
			defaultConfigurationName = Release;
		};
		47DAFABA211703980047E910 /* Build configuration list for PBXNativeTarget "NSTimer 定时器" */ = {
			isa = XCConfigurationList;
			buildConfigurations = (
				47DAFABB211703980047E910 /* Debug */,
				47DAFABC211703980047E910 /* Release */,
			);
			defaultConfigurationIsVisible = 0;
			defaultConfigurationName = Release;
		};
/* End XCConfigurationList section */
	};
	rootObject = 47DAF9862115CF190047E910 /* Project object */;
}
